
Microsoft Visual Studio Solution File, Format Version 12.00
# Visual Studio Version 16
VisualStudioVersion = 16.0.31613.86
MinimumVisualStudioVersion = 10.0.40219.1
Project("{FAE04EC0-301F-11D3-BF4B-00C04F79EFBC}") = "Y4Hack_bespontovy_pirozhok_game", "Y4Hack_bespontovy_pirozhok_game\Y4Hack_bespontovy_pirozhok_game.csproj", "{8607E546-0B9C-46B2-BA6C-49A01C7FB069}"
EndProject
Global
	GlobalSection(SolutionConfigurationPlatforms) = preSolution
		Debug|Any CPU = Debug|Any CPU
		Release|Any CPU = Release|Any CPU
	EndGlobalSection
	GlobalSection(ProjectConfigurationPlatforms) = postSolution
		{8607E546-0B9C-46B2-BA6C-49A01C7FB069}.Debug|Any CPU.ActiveCfg = Debug|Any CPU
		{8607E546-0B9C-46B2-BA6C-49A01C7FB069}.Debug|Any CPU.Build.0 = Debug|Any CPU
		{8607E546-0B9C-46B2-BA6C-49A01C7FB069}.Release|Any CPU.ActiveCfg = Release|Any CPU
		{8607E546-0B9C-46B2-BA6C-49A01C7FB069}.Release|Any CPU.Build.0 = Release|Any CPU
	EndGlobalSection
	GlobalSection(SolutionProperties) = preSolution
		HideSolutionNode = FALSE
	EndGlobalSection
	GlobalSection(ExtensibilityGlobals) = postSolution
		SolutionGuid = {D6AF2312-E121-4DDD-AA7C-3DF0A26FE6B4}
	EndGlobalSection
EndGlobal
